<?xml version="1.0" encoding="UTF-8"?>
<Scheme
   LastUpgradeVersion = "0730"
   version = "1.3">
   <BuildAction
      parallelizeBuildables = "YES"
      buildImplicitDependencies = "YES">
      <BuildActionEntries>
         <BuildActionEntry
            buildForTesting = "YES"
            buildForRunning = "YES"
            buildForProfiling = "YES"
            buildForArchiving = "YES"
            buildForAnalyzing = "YES">
            <BuildableReference
               BuildableIdentifier = "primary"
               BlueprintIdentifier = "A2F961A01D07DBAE003121B7"
               BuildableName = "MIT6.00.1x"
               BlueprintName = "MIT6.00.1x"
               ReferencedContainer = "container:MIT6.00.1x.xcodeproj">
            </BuildableReference>
         </BuildActionEntry>
      </BuildActionEntries>
   </BuildAction>
   <TestAction
      buildConfiguration = "Debug"
      selectedDebuggerIdentifier = "Xcode.DebuggerFoundation.Debugger.LLDB"
      selectedLauncherIdentifier = "Xcode.DebuggerFoundation.Launcher.LLDB"
      shouldUseLaunchSchemeArgsEnv = "YES">
      <Testables>
      </Testables>
      <AdditionalOptions>
      </AdditionalOptions>
   </TestAction>
   <LaunchAction
      buildConfiguration = "Debug"
      selectedDebuggerIdentifier = ""
      selectedLauncherIdentifier = "Xcode.IDEFoundation.Launcher.PosixSpawn"
      launchStyle = "0"
      useCustomWorkingDirectory = "YES"
      customWorkingDirectory = "/Users/AmmarBahman/Desktop/MIT6.00.1x"
      ignoresPersistentStateOnLaunch = "NO"
      debugDocumentVersioning = "YES"
      debugServiceExtension = "internal"
      allowLocationSimulation = "YES">
      <PathRunnable
         runnableDebuggingMode = "0"
         FilePath = "/usr/bin/python">
      </PathRunnable>
      <MacroExpansion>
         <BuildableReference
            BuildableIdentifier = "primary"
            BlueprintIdentifier = "A2F961A01D07DBAE003121B7"
            BuildableName = "MIT6.00.1x"
            BlueprintName = "MIT6.00.1x"
            ReferencedContainer = "container:MIT6.00.1x.xcodeproj">
         </BuildableReference>
      </MacroExpansion>
      <CommandLineArguments>
         <CommandLineArgument
            argument = " $(SOURCE_ROOT)/hello.py"
            isEnabled = "NO">
         </CommandLineArgument>
         <CommandLineArgument
            argument = " $(SOURCE_ROOT)/prime.py"
            isEnabled = "NO">
         </CommandLineArgument>
         <CommandLineArgument
            argument = " $(SOURCE_ROOT)/quizz.py"
            isEnabled = "NO">
         </CommandLineArgument>
         <CommandLineArgument
            argument = " $(SOURCE_ROOT)/L12_hand.py"
            isEnabled = "NO">
         </CommandLineArgument>
         <CommandLineArgument
            argument = " $(SOURCE_ROOT)/ProblemSet4/ps4a.py"
            isEnabled = "NO">
         </CommandLineArgument>
         <CommandLineArgument
            argument = " $(SOURCE_ROOT)/ProblemSet4/ps4b.py"
            isEnabled = "NO">
         </CommandLineArgument>
         <CommandLineArgument
            argument = " $(SOURCE_ROOT)/ProblemSet4/test_ps4a.py"
            isEnabled = "NO">
         </CommandLineArgument>
         <CommandLineArgument
            argument = " $(SOURCE_ROOT)/ProblemSet4/words.txt"
            isEnabled = "NO">
         </CommandLineArgument>
         <CommandLineArgument
            argument = " $(SOURCE_ROOT)/ProblemSet6/ps6.py"
            isEnabled = "YES">
         </CommandLineArgument>
         <CommandLineArgument
            argument = " $(SOURCE_ROOT)/Error.py"
            isEnabled = "NO">
         </CommandLineArgument>
         <CommandLineArgument
            argument = " $(SOURCE_ROOT)/fruits.py"
            isEnabled = "NO">
         </CommandLineArgument>
         <CommandLineArgument
            argument = " $(SOURCE_ROOT)/ps3_hangman.py"
            isEnabled = "NO">
         </CommandLineArgument>
         <CommandLineArgument
            argument = " $(SOURCE_ROOT)/words.txt"
            isEnabled = "NO">
         </CommandLineArgument>
         <CommandLineArgument
            argument = " $(SOURCE_ROOT)/radiationExposure.py"
            isEnabled = "NO">
         </CommandLineArgument>
         <CommandLineArgument
            argument = " $(SOURCE_ROOT)/bisection.py"
            isEnabled = "NO">
         </CommandLineArgument>
      </CommandLineArguments>
      <AdditionalOptions>
      </AdditionalOptions>
   </LaunchAction>
   <ProfileAction
      buildConfiguration = "Release"
      shouldUseLaunchSchemeArgsEnv = "YES"
      savedToolIdentifier = ""
      useCustomWorkingDirectory = "NO"
      debugDocumentVersioning = "YES">
      <MacroExpansion>
         <BuildableReference
            BuildableIdentifier = "primary"
            BlueprintIdentifier = "A2F961A01D07DBAE003121B7"
            BuildableName = "MIT6.00.1x"
            BlueprintName = "MIT6.00.1x"
            ReferencedContainer = "container:MIT6.00.1x.xcodeproj">
         </BuildableReference>
      </MacroExpansion>
   </ProfileAction>
   <AnalyzeAction
      buildConfiguration = "Debug">
   </AnalyzeAction>
   <ArchiveAction
      buildConfiguration = "Release"
      revealArchiveInOrganizer = "YES">
   </ArchiveAction>
</Scheme>
